{
    "version": 3,
    "terraform_version": "0.11.8",
    "serial": 2,
    "lineage": "f39713af-2ed4-b407-db77-d38c603b8e4c",
    "modules": [
        {
            "path": [
                "root"
            ],
            "outputs": {},
            "resources": {
                "data.oci_identity_availability_domains.availability_domains": {
                    "type": "oci_identity_availability_domains",
                    "depends_on": [],
                    "primary": {
                        "id": "2018-09-24 21:49:36.094977797 +0000 UTC",
                        "attributes": {
                            "availability_domains.#": "3",
                            "availability_domains.0.compartment_id": "ocid1.tenancy.oc1..aaaaaaaaebxriz7y7egelwfkjdbnjdvq6k5vaaxo3o35fvfzf3g7ryvxevka",
                            "availability_domains.0.name": "YVsm:PHX-AD-1",
                            "availability_domains.1.compartment_id": "ocid1.tenancy.oc1..aaaaaaaaebxriz7y7egelwfkjdbnjdvq6k5vaaxo3o35fvfzf3g7ryvxevka",
                            "availability_domains.1.name": "YVsm:PHX-AD-2",
                            "availability_domains.2.compartment_id": "ocid1.tenancy.oc1..aaaaaaaaebxriz7y7egelwfkjdbnjdvq6k5vaaxo3o35fvfzf3g7ryvxevka",
                            "availability_domains.2.name": "YVsm:PHX-AD-3",
                            "compartment_id": "ocid1.tenancy.oc1..aaaaaaaaebxriz7y7egelwfkjdbnjdvq6k5vaaxo3o35fvfzf3g7ryvxevka",
                            "id": "2018-09-24 21:49:36.094977797 +0000 UTC"
                        },
                        "meta": {},
                        "tainted": false
                    },
                    "deposed": [],
                    "provider": "provider.oci"
                },
                "oci_core_internet_gateway.internet_gateway": {
                    "type": "oci_core_internet_gateway",
                    "depends_on": [
                        "oci_core_virtual_network.virtual_network"
                    ],
                    "primary": {
                        "id": "ocid1.internetgateway.oc1.phx.aaaaaaaaquyvi4g3d2qktqi4lnhiba7xm5z7d6xxi6k4iqxfpepd7y4xzy3a",
                        "attributes": {
                            "compartment_id": "ocid1.tenancy.oc1..aaaaaaaaebxriz7y7egelwfkjdbnjdvq6k5vaaxo3o35fvfzf3g7ryvxevka",
                            "defined_tags.%": "0",
                            "display_name": "internet_gateway",
                            "enabled": "true",
                            "freeform_tags.%": "0",
                            "id": "ocid1.internetgateway.oc1.phx.aaaaaaaaquyvi4g3d2qktqi4lnhiba7xm5z7d6xxi6k4iqxfpepd7y4xzy3a",
                            "state": "AVAILABLE",
                            "time_created": "2018-09-24 21:49:38.934 +0000 UTC",
                            "vcn_id": "ocid1.vcn.oc1.phx.aaaaaaaa7afanqvoskjmqutoff3d6gmdpsartu22gwtu4bwuj2uhodafedwq"
                        },
                        "meta": {
                            "e2bfb730-ecaa-11e6-8f88-34363bc7c4c0": {
                                "create": 900000000000,
                                "delete": 900000000000,
                                "update": 900000000000
                            }
                        },
                        "tainted": false
                    },
                    "deposed": [],
                    "provider": "provider.oci"
                },
                "oci_core_route_table.route_table": {
                    "type": "oci_core_route_table",
                    "depends_on": [
                        "oci_core_internet_gateway.internet_gateway",
                        "oci_core_virtual_network.virtual_network"
                    ],
                    "primary": {
                        "id": "ocid1.routetable.oc1.phx.aaaaaaaa2bifejntlpilms7mttdeh7fq3vjsfsikgoz7jfwgtamgnoyvqakq",
                        "attributes": {
                            "compartment_id": "ocid1.tenancy.oc1..aaaaaaaaebxriz7y7egelwfkjdbnjdvq6k5vaaxo3o35fvfzf3g7ryvxevka",
                            "defined_tags.%": "0",
                            "display_name": "route_table",
                            "freeform_tags.%": "0",
                            "id": "ocid1.routetable.oc1.phx.aaaaaaaa2bifejntlpilms7mttdeh7fq3vjsfsikgoz7jfwgtamgnoyvqakq",
                            "route_rules.#": "1",
                            "route_rules.3968309812.cidr_block": "0.0.0.0/0",
                            "route_rules.3968309812.destination": "0.0.0.0/0",
                            "route_rules.3968309812.destination_type": "CIDR_BLOCK",
                            "route_rules.3968309812.network_entity_id": "ocid1.internetgateway.oc1.phx.aaaaaaaaquyvi4g3d2qktqi4lnhiba7xm5z7d6xxi6k4iqxfpepd7y4xzy3a",
                            "state": "AVAILABLE",
                            "time_created": "2018-09-24 21:49:39.402 +0000 UTC",
                            "vcn_id": "ocid1.vcn.oc1.phx.aaaaaaaa7afanqvoskjmqutoff3d6gmdpsartu22gwtu4bwuj2uhodafedwq"
                        },
                        "meta": {
                            "e2bfb730-ecaa-11e6-8f88-34363bc7c4c0": {
                                "create": 900000000000,
                                "delete": 900000000000,
                                "update": 900000000000
                            }
                        },
                        "tainted": false
                    },
                    "deposed": [],
                    "provider": "provider.oci"
                },
                "oci_core_security_list.security_list": {
                    "type": "oci_core_security_list",
                    "depends_on": [
                        "oci_core_virtual_network.virtual_network"
                    ],
                    "primary": {
                        "id": "ocid1.securitylist.oc1.phx.aaaaaaaagsp2i6jltju5vpgv723uxpxbikojmrkcsvgeqylsc32llkecjkfq",
                        "attributes": {
                            "compartment_id": "ocid1.tenancy.oc1..aaaaaaaaebxriz7y7egelwfkjdbnjdvq6k5vaaxo3o35fvfzf3g7ryvxevka",
                            "defined_tags.%": "0",
                            "display_name": "security_list",
                            "egress_security_rules.#": "1",
                            "egress_security_rules.1582479153.destination": "0.0.0.0/0",
                            "egress_security_rules.1582479153.destination_type": "CIDR_BLOCK",
                            "egress_security_rules.1582479153.icmp_options.#": "0",
                            "egress_security_rules.1582479153.protocol": "all",
                            "egress_security_rules.1582479153.stateless": "false",
                            "egress_security_rules.1582479153.tcp_options.#": "0",
                            "egress_security_rules.1582479153.udp_options.#": "0",
                            "freeform_tags.%": "0",
                            "id": "ocid1.securitylist.oc1.phx.aaaaaaaagsp2i6jltju5vpgv723uxpxbikojmrkcsvgeqylsc32llkecjkfq",
                            "ingress_security_rules.#": "1",
                            "ingress_security_rules.799812519.icmp_options.#": "0",
                            "ingress_security_rules.799812519.protocol": "all",
                            "ingress_security_rules.799812519.source": "0.0.0.0/0",
                            "ingress_security_rules.799812519.source_type": "CIDR_BLOCK",
                            "ingress_security_rules.799812519.stateless": "false",
                            "ingress_security_rules.799812519.tcp_options.#": "0",
                            "ingress_security_rules.799812519.udp_options.#": "0",
                            "state": "AVAILABLE",
                            "time_created": "2018-09-24 21:49:39.135 +0000 UTC",
                            "vcn_id": "ocid1.vcn.oc1.phx.aaaaaaaa7afanqvoskjmqutoff3d6gmdpsartu22gwtu4bwuj2uhodafedwq"
                        },
                        "meta": {
                            "e2bfb730-ecaa-11e6-8f88-34363bc7c4c0": {
                                "create": 900000000000,
                                "delete": 900000000000,
                                "update": 900000000000
                            }
                        },
                        "tainted": false
                    },
                    "deposed": [],
                    "provider": "provider.oci"
                },
                "oci_core_subnet.subnet": {
                    "type": "oci_core_subnet",
                    "depends_on": [
                        "data.oci_identity_availability_domains.availability_domains",
                        "oci_core_route_table.route_table",
                        "oci_core_security_list.security_list",
                        "oci_core_virtual_network.virtual_network"
                    ],
                    "primary": {
                        "id": "ocid1.subnet.oc1.phx.aaaaaaaa3gtshir6coyrewyc2d4qe72b52sjhmczwnszo2ceghxpohnyrlxa",
                        "attributes": {
                            "availability_domain": "YVsm:PHX-AD-1",
                            "cidr_block": "10.0.0.0/16",
                            "compartment_id": "ocid1.tenancy.oc1..aaaaaaaaebxriz7y7egelwfkjdbnjdvq6k5vaaxo3o35fvfzf3g7ryvxevka",
                            "defined_tags.%": "0",
                            "dhcp_options_id": "ocid1.dhcpoptions.oc1.phx.aaaaaaaaka2no6btt4245k36lwatgnjg6eiwvdhpeoe6fnbgqaousb3s7p6a",
                            "display_name": "subnet",
                            "dns_label": "datastax",
                            "freeform_tags.%": "0",
                            "id": "ocid1.subnet.oc1.phx.aaaaaaaa3gtshir6coyrewyc2d4qe72b52sjhmczwnszo2ceghxpohnyrlxa",
                            "prohibit_public_ip_on_vnic": "false",
                            "route_table_id": "ocid1.routetable.oc1.phx.aaaaaaaa2bifejntlpilms7mttdeh7fq3vjsfsikgoz7jfwgtamgnoyvqakq",
                            "security_list_ids.#": "1",
                            "security_list_ids.3023408987": "ocid1.securitylist.oc1.phx.aaaaaaaagsp2i6jltju5vpgv723uxpxbikojmrkcsvgeqylsc32llkecjkfq",
                            "state": "AVAILABLE",
                            "subnet_domain_name": "datastax.datastax.oraclevcn.com",
                            "time_created": "2018-09-24 21:49:39.913 +0000 UTC",
                            "vcn_id": "ocid1.vcn.oc1.phx.aaaaaaaa7afanqvoskjmqutoff3d6gmdpsartu22gwtu4bwuj2uhodafedwq",
                            "virtual_router_ip": "10.0.0.1",
                            "virtual_router_mac": "00:00:17:E3:32:72"
                        },
                        "meta": {
                            "e2bfb730-ecaa-11e6-8f88-34363bc7c4c0": {
                                "create": 900000000000,
                                "delete": 900000000000,
                                "update": 900000000000
                            }
                        },
                        "tainted": false
                    },
                    "deposed": [],
                    "provider": "provider.oci"
                },
                "oci_core_virtual_network.virtual_network": {
                    "type": "oci_core_virtual_network",
                    "depends_on": [],
                    "primary": {
                        "id": "ocid1.vcn.oc1.phx.aaaaaaaa7afanqvoskjmqutoff3d6gmdpsartu22gwtu4bwuj2uhodafedwq",
                        "attributes": {
                            "cidr_block": "10.0.0.0/16",
                            "compartment_id": "ocid1.tenancy.oc1..aaaaaaaaebxriz7y7egelwfkjdbnjdvq6k5vaaxo3o35fvfzf3g7ryvxevka",
                            "default_dhcp_options_id": "ocid1.dhcpoptions.oc1.phx.aaaaaaaaka2no6btt4245k36lwatgnjg6eiwvdhpeoe6fnbgqaousb3s7p6a",
                            "default_route_table_id": "ocid1.routetable.oc1.phx.aaaaaaaada2rxgafwpnrg7zo43l2qnepkxjvs4qcysepf2zm5rljugsqasgq",
                            "default_security_list_id": "ocid1.securitylist.oc1.phx.aaaaaaaa44xld3dv63tajn7vx5qlo2wweuvkb5kxflvzcmxwgixt2bqe5afq",
                            "defined_tags.%": "0",
                            "display_name": "virtual_network",
                            "dns_label": "datastax",
                            "freeform_tags.%": "0",
                            "id": "ocid1.vcn.oc1.phx.aaaaaaaa7afanqvoskjmqutoff3d6gmdpsartu22gwtu4bwuj2uhodafedwq",
                            "state": "AVAILABLE",
                            "time_created": "2018-09-24 21:49:38.463 +0000 UTC",
                            "vcn_domain_name": "datastax.oraclevcn.com"
                        },
                        "meta": {
                            "e2bfb730-ecaa-11e6-8f88-34363bc7c4c0": {
                                "create": 900000000000,
                                "delete": 900000000000,
                                "update": 900000000000
                            }
                        },
                        "tainted": false
                    },
                    "deposed": [],
                    "provider": "provider.oci"
                }
            },
            "depends_on": []
        }
    ]
}
